
Microsoft Visual Studio Solution File, Format Version 12.00
# Visual Studio Version 17
VisualStudioVersion = 17.0.31903.59
MinimumVisualStudioVersion = 10.0.40219.1
Project("{FAE04EC0-301F-11D3-BF4B-00C04F79EFBC}") = "yet-enibla.Web", "yet-enibla.Web\yet-enibla.Web.csproj", "{E9E86BAE-9CB4-463C-BAF0-63F4A3C43009}"
EndProject
Global
	GlobalSection(SolutionConfigurationPlatforms) = preSolution
		Debug|Any CPU = Debug|Any CPU
		Release|Any CPU = Release|Any CPU
	EndGlobalSection
	GlobalSection(SolutionProperties) = preSolution
		HideSolutionNode = FALSE
	EndGlobalSection
	GlobalSection(ProjectConfigurationPlatforms) = postSolution
		{E9E86BAE-9CB4-463C-BAF0-63F4A3C43009}.Debug|Any CPU.ActiveCfg = Debug|Any CPU
		{E9E86BAE-9CB4-463C-BAF0-63F4A3C43009}.Debug|Any CPU.Build.0 = Debug|Any CPU
		{E9E86BAE-9CB4-463C-BAF0-63F4A3C43009}.Release|Any CPU.ActiveCfg = Release|Any CPU
		{E9E86BAE-9CB4-463C-BAF0-63F4A3C43009}.Release|Any CPU.Build.0 = Release|Any CPU
	EndGlobalSection
EndGlobal
